
Microsoft Visual Studio Solution File, Format Version 12.00
# Visual Studio 15
VisualStudioVersion = 15.0.27428.2027
MinimumVisualStudioVersion = 10.0.40219.1
Project("{9A19103F-16F7-4668-BE54-9A1E7A4F7556}") = "Xspf", "Xspf\Xspf.csproj", "{A08BB164-6867-4AF0-9529-040E8887B78D}"
EndProject
Project("{FAE04EC0-301F-11D3-BF4B-00C04F79EFBC}") = "Xspf.Tests", "Xspf.Tests\Xspf.Tests.csproj", "{13B39A08-A336-4F7A-A90A-B56286CD70D9}"
EndProject
Global
	GlobalSection(SolutionConfigurationPlatforms) = preSolution
		Debug|Any CPU = Debug|Any CPU
		Release|Any CPU = Release|Any CPU
	EndGlobalSection
	GlobalSection(ProjectConfigurationPlatforms) = postSolution
		{A08BB164-6867-4AF0-9529-040E8887B78D}.Debug|Any CPU.ActiveCfg = Debug|Any CPU
		{A08BB164-6867-4AF0-9529-040E8887B78D}.Debug|Any CPU.Build.0 = Debug|Any CPU
		{A08BB164-6867-4AF0-9529-040E8887B78D}.Release|Any CPU.ActiveCfg = Release|Any CPU
		{A08BB164-6867-4AF0-9529-040E8887B78D}.Release|Any CPU.Build.0 = Release|Any CPU
		{13B39A08-A336-4F7A-A90A-B56286CD70D9}.Debug|Any CPU.ActiveCfg = Debug|Any CPU
		{13B39A08-A336-4F7A-A90A-B56286CD70D9}.Debug|Any CPU.Build.0 = Debug|Any CPU
		{13B39A08-A336-4F7A-A90A-B56286CD70D9}.Release|Any CPU.ActiveCfg = Release|Any CPU
		{13B39A08-A336-4F7A-A90A-B56286CD70D9}.Release|Any CPU.Build.0 = Release|Any CPU
	EndGlobalSection
	GlobalSection(SolutionProperties) = preSolution
		HideSolutionNode = FALSE
	EndGlobalSection
	GlobalSection(ExtensibilityGlobals) = postSolution
		SolutionGuid = {5F893153-98A3-4F7D-8DAB-0E5458AFA9B7}
	EndGlobalSection
EndGlobal
